<Solution>
  <Folder Name="/src/">
    <Project Path="src/FieldOps.Api/FieldOps.Api.csproj" />
    <Project Path="src/FieldOps.Application/FieldOps.Application.csproj" />
    <Project Path="src/FieldOps.Domain/FieldOps.Domain.csproj" />
    <Project Path="src/FieldOps.Infrastructure/FieldOps.Infrastructure.csproj" />
  </Folder>
  <Folder Name="/tests/">
    <Project Path="tests/FieldOps.IntegrationTests/FieldOps.IntegrationTests.csproj" />
    <Project Path="tests/FieldOps.UnitTests/FieldOps.UnitTests.csproj" />
  </Folder>
</Solution>
